
Microsoft Visual Studio Solution File, Format Version 12.00
# Visual Studio Version 16
VisualStudioVersion = 16.0.31112.23
MinimumVisualStudioVersion = 10.0.40219.1
Project("{9A19103F-16F7-4668-BE54-9A1E7A4F7556}") = "WordGame", "WordGame\WordGame.csproj", "{65E56A70-B2E9-4922-A09A-72FE10DC4571}"
EndProject
Project("{9A19103F-16F7-4668-BE54-9A1E7A4F7556}") = "WordGame.BL", "WordGame.BL\WordGame.BL.csproj", "{3474772F-AA74-4DA0-8F00-3CE4D9893D7F}"
EndProject
Project("{FAE04EC0-301F-11D3-BF4B-00C04F79EFBC}") = "WordGame.Tests", "WordGame.Tests\WordGame.Tests.csproj", "{BC9E3245-5BF7-4B8E-A63C-77FA97578BD6}"
EndProject
Global
	GlobalSection(SolutionConfigurationPlatforms) = preSolution
		Debug|Any CPU = Debug|Any CPU
		Release|Any CPU = Release|Any CPU
	EndGlobalSection
	GlobalSection(ProjectConfigurationPlatforms) = postSolution
		{65E56A70-B2E9-4922-A09A-72FE10DC4571}.Debug|Any CPU.ActiveCfg = Debug|Any CPU
		{65E56A70-B2E9-4922-A09A-72FE10DC4571}.Debug|Any CPU.Build.0 = Debug|Any CPU
		{65E56A70-B2E9-4922-A09A-72FE10DC4571}.Release|Any CPU.ActiveCfg = Release|Any CPU
		{65E56A70-B2E9-4922-A09A-72FE10DC4571}.Release|Any CPU.Build.0 = Release|Any CPU
		{3474772F-AA74-4DA0-8F00-3CE4D9893D7F}.Debug|Any CPU.ActiveCfg = Debug|Any CPU
		{3474772F-AA74-4DA0-8F00-3CE4D9893D7F}.Debug|Any CPU.Build.0 = Debug|Any CPU
		{3474772F-AA74-4DA0-8F00-3CE4D9893D7F}.Release|Any CPU.ActiveCfg = Release|Any CPU
		{3474772F-AA74-4DA0-8F00-3CE4D9893D7F}.Release|Any CPU.Build.0 = Release|Any CPU
		{BC9E3245-5BF7-4B8E-A63C-77FA97578BD6}.Debug|Any CPU.ActiveCfg = Debug|Any CPU
		{BC9E3245-5BF7-4B8E-A63C-77FA97578BD6}.Debug|Any CPU.Build.0 = Debug|Any CPU
		{BC9E3245-5BF7-4B8E-A63C-77FA97578BD6}.Release|Any CPU.ActiveCfg = Release|Any CPU
		{BC9E3245-5BF7-4B8E-A63C-77FA97578BD6}.Release|Any CPU.Build.0 = Release|Any CPU
	EndGlobalSection
	GlobalSection(SolutionProperties) = preSolution
		HideSolutionNode = FALSE
	EndGlobalSection
	GlobalSection(ExtensibilityGlobals) = postSolution
		SolutionGuid = {1EB8C95A-6CA8-4C68-A098-9BB8BC4ED5CF}
	EndGlobalSection
EndGlobal
